
Microsoft Visual Studio Solution File, Format Version 12.00
# Visual Studio Version 17
VisualStudioVersion = 17.3.32929.385
MinimumVisualStudioVersion = 10.0.40219.1
Project("{FAE04EC0-301F-11D3-BF4B-00C04F79EFBC}") = "PartsUnlimited.Shared", "PartsUnlimited.Shared\PartsUnlimited.Shared.csproj", "{9534F02F-87C5-4142-8A2E-66F23E7EAF59}"
EndProject
Global
	GlobalSection(SolutionConfigurationPlatforms) = preSolution
		Debug|Any CPU = Debug|Any CPU
		Release|Any CPU = Release|Any CPU
	EndGlobalSection
	GlobalSection(ProjectConfigurationPlatforms) = postSolution
		{9534F02F-87C5-4142-8A2E-66F23E7EAF59}.Debug|Any CPU.ActiveCfg = Debug|Any CPU
		{9534F02F-87C5-4142-8A2E-66F23E7EAF59}.Debug|Any CPU.Build.0 = Debug|Any CPU
		{9534F02F-87C5-4142-8A2E-66F23E7EAF59}.Release|Any CPU.ActiveCfg = Release|Any CPU
		{9534F02F-87C5-4142-8A2E-66F23E7EAF59}.Release|Any CPU.Build.0 = Release|Any CPU
	EndGlobalSection
	GlobalSection(SolutionProperties) = preSolution
		HideSolutionNode = FALSE
	EndGlobalSection
	GlobalSection(ExtensibilityGlobals) = postSolution
		SolutionGuid = {4BA295F0-A64A-48F1-84BF-EA42C1D457C2}
	EndGlobalSection
EndGlobal
